// !$*UTF8*$!
{
	archiveVersion = 1;
	classes = {
	};
	objectVersion = 51;
	objects = {

/* Begin PBXBuildFile section */
		9698F79B8F32F6C37540ABE7 /* Pods_MovieProjectApp.framework in Frameworks */ = {isa = PBXBuildFile; fileRef = FC13A15F9E99946F9A77E599 /* Pods_MovieProjectApp.framework */; };
		BFE2DA9923C14A19009FE834 /* AppDelegate.swift in Sources */ = {isa = PBXBuildFile; fileRef = BFE2DA9823C14A19009FE834 /* AppDelegate.swift */; };
		BFE2DA9B23C14A19009FE834 /* ViewController.swift in Sources */ = {isa = PBXBuildFile; fileRef = BFE2DA9A23C14A19009FE834 /* ViewController.swift */; };
		BFE2DA9E23C14A19009FE834 /* Main.storyboard in Resources */ = {isa = PBXBuildFile; fileRef = BFE2DA9C23C14A19009FE834 /* Main.storyboard */; };
		BFE2DAA023C14A1D009FE834 /* Assets.xcassets in Resources */ = {isa = PBXBuildFile; fileRef = BFE2DA9F23C14A1D009FE834 /* Assets.xcassets */; };
		BFE2DAA323C14A1D009FE834 /* LaunchScreen.storyboard in Resources */ = {isa = PBXBuildFile; fileRef = BFE2DAA123C14A1D009FE834 /* LaunchScreen.storyboard */; };
/* End PBXBuildFile section */

/* Begin PBXFileReference section */
		A5B088670D77FBF3D2435C9F /* Pods-MovieProjectApp.debug.xcconfig */ = {isa = PBXFileReference; includeInIndex = 1; lastKnownFileType = text.xcconfig; name = "Pods-MovieProjectApp.debug.xcconfig"; path = "Target Support Files/Pods-MovieProjectApp/Pods-MovieProjectApp.debug.xcconfig"; sourceTree = "<group>"; };
		BA605FFB3243AF36C57D5C0C /* Pods-MovieProjectApp.release.xcconfig */ = {isa = PBXFileReference; includeInIndex = 1; lastKnownFileType = text.xcconfig; name = "Pods-MovieProjectApp.release.xcconfig"; path = "Target Support Files/Pods-MovieProjectApp/Pods-MovieProjectApp.release.xcconfig"; sourceTree = "<group>"; };
		BFE2DA9523C14A19009FE834 /* MovieProjectApp.app */ = {isa = PBXFileReference; explicitFileType = wrapper.application; includeInIndex = 0; path = MovieProjectApp.app; sourceTree = BUILT_PRODUCTS_DIR; };
		BFE2DA9823C14A19009FE834 /* AppDelegate.swift */ = {isa = PBXFileReference; lastKnownFileType = sourcecode.swift; path = AppDelegate.swift; sourceTree = "<group>"; };
		BFE2DA9A23C14A19009FE834 /* ViewController.swift */ = {isa = PBXFileReference; lastKnownFileType = sourcecode.swift; path = ViewController.swift; sourceTree = "<group>"; };
		BFE2DA9D23C14A19009FE834 /* Base */ = {isa = PBXFileReference; lastKnownFileType = file.storyboard; name = Base; path = Base.lproj/Main.storyboard; sourceTree = "<group>"; };
		BFE2DA9F23C14A1D009FE834 /* Assets.xcassets */ = {isa = PBXFileReference; lastKnownFileType = folder.assetcatalog; path = Assets.xcassets; sourceTree = "<group>"; };
		BFE2DAA223C14A1D009FE834 /* Base */ = {isa = PBXFileReference; lastKnownFileType = file.storyboard; name = Base; path = Base.lproj/LaunchScreen.storyboard; sourceTree = "<group>"; };
		BFE2DAA423C14A1D009FE834 /* Info.plist */ = {isa = PBXFileReference; lastKnownFileType = text.plist.xml; path = Info.plist; sourceTree = "<group>"; };
		FC13A15F9E99946F9A77E599 /* Pods_MovieProjectApp.framework */ = {isa = PBXFileReference; explicitFileType = wrapper.framework; includeInIndex = 0; path = Pods_MovieProjectApp.framework; sourceTree = BUILT_PRODUCTS_DIR; };
/* End PBXFileReference section */

/* Begin PBXFrameworksBuildPhase section */
		BFE2DA9223C14A19009FE834 /* Frameworks */ = {
			isa = PBXFrameworksBuildPhase;
			buildActionMask = 2147483647;
			files = (
				9698F79B8F32F6C37540ABE7 /* Pods_MovieProjectApp.framework in Frameworks */,
			);
			runOnlyForDeploymentPostprocessing = 0;
		};
/* End PBXFrameworksBuildPhase section */

/* Begin PBXGroup section */
		0E8664475997805E916ED59E /* Pods */ = {
			isa = PBXGroup;
			children = (
				A5B088670D77FBF3D2435C9F /* Pods-MovieProjectApp.debug.xcconfig */,
				BA605FFB3243AF36C57D5C0C /* Pods-MovieProjectApp.release.xcconfig */,
			);
			path = Pods;
			sourceTree = "<group>";
		};
		BFE2DA8C23C14A19009FE834 = {
			isa = PBXGroup;
			children = (
				BFE2DA9723C14A19009FE834 /* MovieProjectApp */,
				BFE2DA9623C14A19009FE834 /* Products */,
				0E8664475997805E916ED59E /* Pods */,
				DBF3FAED62CB890D537E97A8 /* Frameworks */,
			);
			sourceTree = "<group>";
		};
		BFE2DA9623C14A19009FE834 /* Products */ = {
			isa = PBXGroup;
			children = (
				BFE2DA9523C14A19009FE834 /* MovieProjectApp.app */,
			);
			name = Products;
			sourceTree = "<group>";
		};
		BFE2DA9723C14A19009FE834 /* MovieProjectApp */ = {
			isa = PBXGroup;
			children = (
				BFE2DA9823C14A19009FE834 /* AppDelegate.swift */,
				BFE2DA9A23C14A19009FE834 /* ViewController.swift */,
				BFE2DA9C23C14A19009FE834 /* Main.storyboard */,
				BFE2DA9F23C14A1D009FE834 /* Assets.xcassets */,
				BFE2DAA123C14A1D009FE834 /* LaunchScreen.storyboard */,
				BFE2DAA423C14A1D009FE834 /* Info.plist */,
			);
			path = MovieProjectApp;
			sourceTree = "<group>";
		};
		DBF3FAED62CB890D537E97A8 /* Frameworks */ = {
			isa = PBXGroup;
			children = (
				FC13A15F9E99946F9A77E599 /* Pods_MovieProjectApp.framework */,
			);
			name = Frameworks;
			sourceTree = "<group>";
		};
/* End PBXGroup section */

/* Begin PBXNativeTarget section */
		BFE2DA9423C14A19009FE834 /* MovieProjectApp */ = {
			isa = PBXNativeTarget;
			buildConfigurationList = BFE2DAA723C14A1D009FE834 /* Build configuration list for PBXNativeTarget "MovieProjectApp" */;
			buildPhases = (
				3D7266E965E80A9CD16B559B /* [CP] Check Pods Manifest.lock */,
				BFE2DA9123C14A19009FE834 /* Sources */,
				BFE2DA9223C14A19009FE834 /* Frameworks */,
				BFE2DA9323C14A19009FE834 /* Resources */,
				FC1987543FB8DFCB5290B83E /* [CP] Embed Pods Frameworks */,
			);
			buildRules = (
			);
			dependencies = (
			);
			name = MovieProjectApp;
			productName = MovieProjectApp;
			productReference = BFE2DA9523C14A19009FE834 /* MovieProjectApp.app */;
			productType = "com.apple.product-type.application";
		};
/* End PBXNativeTarget section */

/* Begin PBXProject section */
		BFE2DA8D23C14A19009FE834 /* Project object */ = {
			isa = PBXProject;
			attributes = {
				LastSwiftUpdateCheck = 1000;
				LastUpgradeCheck = 1000;
				ORGANIZATIONNAME = momen;
				TargetAttributes = {
					BFE2DA9423C14A19009FE834 = {
						CreatedOnToolsVersion = 10.0;
					};
				};
			};
			buildConfigurationList = BFE2DA9023C14A19009FE834 /* Build configuration list for PBXProject "MovieProjectApp" */;
			compatibilityVersion = "Xcode 9.3";
			developmentRegion = en;
			hasScannedForEncodings = 0;
			knownRegions = (
				en,
				Base,
			);
			mainGroup = BFE2DA8C23C14A19009FE834;
			productRefGroup = BFE2DA9623C14A19009FE834 /* Products */;
			projectDirPath = "";
			projectRoot = "";
			targets = (
				BFE2DA9423C14A19009FE834 /* MovieProjectApp */,
			);
		};
/* End PBXProject section */

/* Begin PBXResourcesBuildPhase section */
		BFE2DA9323C14A19009FE834 /* Resources */ = {
			isa = PBXResourcesBuildPhase;
			buildActionMask = 2147483647;
			files = (
				BFE2DAA323C14A1D009FE834 /* LaunchScreen.storyboard in Resources */,
				BFE2DAA023C14A1D009FE834 /* Assets.xcassets in Resources */,
				BFE2DA9E23C14A19009FE834 /* Main.storyboard in Resources */,
			);
			runOnlyForDeploymentPostprocessing = 0;
		};
/* End PBXResourcesBuildPhase section */

/* Begin PBXShellScriptBuildPhase section */
		3D7266E965E80A9CD16B559B /* [CP] Check Pods Manifest.lock */ = {
			isa = PBXShellScriptBuildPhase;
			buildActionMask = 2147483647;
			files = (
			);
			inputFileListPaths = (
			);
			inputPaths = (
				"${PODS_PODFILE_DIR_PATH}/Podfile.lock",
				"${PODS_ROOT}/Manifest.lock",
			);
			name = "[CP] Check Pods Manifest.lock";
			outputFileListPaths = (
			);
			outputPaths = (
				"$(DERIVED_FILE_DIR)/Pods-MovieProjectApp-checkManifestLockResult.txt",
			);
			runOnlyForDeploymentPostprocessing = 0;
			shellPath = /bin/sh;
			shellScript = "diff \"${PODS_PODFILE_DIR_PATH}/Podfile.lock\" \"${PODS_ROOT}/Manifest.lock\" > /dev/null\nif [ $? != 0 ] ; then\n    # print error to STDERR\n    echo \"error: The sandbox is not in sync with the Podfile.lock. Run 'pod install' or update your CocoaPods installation.\" >&2\n    exit 1\nfi\n# This output is used by Xcode 'outputs' to avoid re-running this script phase.\necho \"SUCCESS\" > \"${SCRIPT_OUTPUT_FILE_0}\"\n";
			showEnvVarsInLog = 0;
		};
		FC1987543FB8DFCB5290B83E /* [CP] Embed Pods Frameworks */ = {
			isa = PBXShellScriptBuildPhase;
			buildActionMask = 2147483647;
			files = (
			);
			inputFileListPaths = (
				"${PODS_ROOT}/Target Support Files/Pods-MovieProjectApp/Pods-MovieProjectApp-frameworks-${CONFIGURATION}-input-files.xcfilelist",
			);
			name = "[CP] Embed Pods Frameworks";
			outputFileListPaths = (
				"${PODS_ROOT}/Target Support Files/Pods-MovieProjectApp/Pods-MovieProjectApp-frameworks-${CONFIGURATION}-output-files.xcfilelist",
			);
			runOnlyForDeploymentPostprocessing = 0;
			shellPath = /bin/sh;
			shellScript = "\"${PODS_ROOT}/Target Support Files/Pods-MovieProjectApp/Pods-MovieProjectApp-frameworks.sh\"\n";
			showEnvVarsInLog = 0;
		};
/* End PBXShellScriptBuildPhase section */

/* Begin PBXSourcesBuildPhase section */
		BFE2DA9123C14A19009FE834 /* Sources */ = {
			isa = PBXSourcesBuildPhase;
			buildActionMask = 2147483647;
			files = (
				BFE2DA9B23C14A19009FE834 /* ViewController.swift in Sources */,
				BFE2DA9923C14A19009FE834 /* AppDelegate.swift in Sources */,
			);
			runOnlyForDeploymentPostprocessing = 0;
		};
/* End PBXSourcesBuildPhase section */

/* Begin PBXVariantGroup section */
		BFE2DA9C23C14A19009FE834 /* Main.storyboard */ = {
			isa = PBXVariantGroup;
			children = (
				BFE2DA9D23C14A19009FE834 /* Base */,
			);
			name = Main.storyboard;
			sourceTree = "<group>";
		};
		BFE2DAA123C14A1D009FE834 /* LaunchScreen.storyboard */ = {
			isa = PBXVariantGroup;
			children = (
				BFE2DAA223C14A1D009FE834 /* Base */,
			);
			name = LaunchScreen.storyboard;
			sourceTree = "<group>";
		};
/* End PBXVariantGroup section */

/* Begin XCBuildConfiguration section */
		BFE2DAA523C14A1D009FE834 /* Debug */ = {
			isa = XCBuildConfiguration;
			buildSettings = {
				ALWAYS_SEARCH_USER_PATHS = NO;
				CLANG_ANALYZER_NONNULL = YES;
				CLANG_ANALYZER_NUMBER_OBJECT_CONVERSION = YES_AGGRESSIVE;
				CLANG_CXX_LANGUAGE_STANDARD = "gnu++14";
				CLANG_CXX_LIBRARY = "libc++";
				CLANG_ENABLE_MODULES = YES;
				CLANG_ENABLE_OBJC_ARC = YES;
				CLANG_ENABLE_OBJC_WEAK = YES;
				CLANG_WARN_BLOCK_CAPTURE_AUTORELEASING = YES;
				CLANG_WARN_BOOL_CONVERSION = YES;
				CLANG_WARN_COMMA = YES;
				CLANG_WARN_CONSTANT_CONVERSION = YES;
				CLANG_WARN_DEPRECATED_OBJC_IMPLEMENTATIONS = YES;
				CLANG_WARN_DIRECT_OBJC_ISA_USAGE = YES_ERROR;
				CLANG_WARN_DOCUMENTATION_COMMENTS = YES;
				CLANG_WARN_EMPTY_BODY = YES;
				CLANG_WARN_ENUM_CONVERSION = YES;
				CLANG_WARN_INFINITE_RECURSION = YES;
				CLANG_WARN_INT_CONVERSION = YES;
				CLANG_WARN_NON_LITERAL_NULL_CONVERSION = YES;
				CLANG_WARN_OBJC_IMPLICIT_RETAIN_SELF = YES;
				CLANG_WARN_OBJC_LITERAL_CONVERSION = YES;
				CLANG_WARN_OBJC_ROOT_CLASS = YES_ERROR;
				CLANG_WARN_RANGE_LOOP_ANALYSIS = YES;
				CLANG_WARN_STRICT_PROTOTYPES = YES;
				CLANG_WARN_SUSPICIOUS_MOVE = YES;
				CLANG_WARN_UNGUARDED_AVAILABILITY = YES_AGGRESSIVE;
				CLANG_WARN_UNREACHABLE_CODE = YES;
				CLANG_WARN__DUPLICATE_METHOD_MATCH = YES;
				CODE_SIGN_IDENTITY = "iPhone Developer";
				COPY_PHASE_STRIP = NO;
				DEBUG_INFORMATION_FORMAT = dwarf;
				ENABLE_STRICT_OBJC_MSGSEND = YES;
				ENABLE_TESTABILITY = YES;
				GCC_C_LANGUAGE_STANDARD = gnu11;
				GCC_DYNAMIC_NO_PIC = NO;
				GCC_NO_COMMON_BLOCKS = YES;
				GCC_OPTIMIZATION_LEVEL = 0;
				GCC_PREPROCESSOR_DEFINITIONS = (
					"DEBUG=1",
					"$(inherited)",
				);
				GCC_WARN_64_TO_32_BIT_CONVERSION = YES;
				GCC_WARN_ABOUT_RETURN_TYPE = YES_ERROR;
				GCC_WARN_UNDECLARED_SELECTOR = YES;
				GCC_WARN_UNINITIALIZED_AUTOS = YES_AGGRESSIVE;
				GCC_WARN_UNUSED_FUNCTION = YES;
				GCC_WARN_UNUSED_VARIABLE = YES;
				IPHONEOS_DEPLOYMENT_TARGET = 12.0;
				MTL_ENABLE_DEBUG_INFO = INCLUDE_SOURCE;
				MTL_FAST_MATH = YES;
				ONLY_ACTIVE_ARCH = YES;
				SDKROOT = iphoneos;
				SWIFT_ACTIVE_COMPILATION_CONDITIONS = DEBUG;
				SWIFT_OPTIMIZATION_LEVEL = "-Onone";
			};
			name = Debug;
		};
		BFE2DAA623C14A1D009FE834 /* Release */ = {
			isa = XCBuildConfiguration;
			buildSettings = {
				ALWAYS_SEARCH_USER_PATHS = NO;
				CLANG_ANALYZER_NONNULL = YES;
				CLANG_ANALYZER_NUMBER_OBJECT_CONVERSION = YES_AGGRESSIVE;
				CLANG_CXX_LANGUAGE_STANDARD = "gnu++14";
				CLANG_CXX_LIBRARY = "libc++";
				CLANG_ENABLE_MODULES = YES;
				CLANG_ENABLE_OBJC_ARC = YES;
				CLANG_ENABLE_OBJC_WEAK = YES;
				CLANG_WARN_BLOCK_CAPTURE_AUTORELEASING = YES;
				CLANG_WARN_BOOL_CONVERSION = YES;
				CLANG_WARN_COMMA = YES;
				CLANG_WARN_CONSTANT_CONVERSION = YES;
				CLANG_WARN_DEPRECATED_OBJC_IMPLEMENTATIONS = YES;
				CLANG_WARN_DIRECT_OBJC_ISA_USAGE = YES_ERROR;
				CLANG_WARN_DOCUMENTATION_COMMENTS = YES;
				CLANG_WARN_EMPTY_BODY = YES;
				CLANG_WARN_ENUM_CONVERSION = YES;
				CLANG_WARN_INFINITE_RECURSION = YES;
				CLANG_WARN_INT_CONVERSION = YES;
				CLANG_WARN_NON_LITERAL_NULL_CONVERSION = YES;
				CLANG_WARN_OBJC_IMPLICIT_RETAIN_SELF = YES;
				CLANG_WARN_OBJC_LITERAL_CONVERSION = YES;
				CLANG_WARN_OBJC_ROOT_CLASS = YES_ERROR;
				CLANG_WARN_RANGE_LOOP_ANALYSIS = YES;
				CLANG_WARN_STRICT_PROTOTYPES = YES;
				CLANG_WARN_SUSPICIOUS_MOVE = YES;
				CLANG_WARN_UNGUARDED_AVAILABILITY = YES_AGGRESSIVE;
				CLANG_WARN_UNREACHABLE_CODE = YES;
				CLANG_WARN__DUPLICATE_METHOD_MATCH = YES;
				CODE_SIGN_IDENTITY = "iPhone Developer";
				COPY_PHASE_STRIP = NO;
				DEBUG_INFORMATION_FORMAT = "dwarf-with-dsym";
				ENABLE_NS_ASSERTIONS = NO;
				ENABLE_STRICT_OBJC_MSGSEND = YES;
				GCC_C_LANGUAGE_STANDARD = gnu11;
				GCC_NO_COMMON_BLOCKS = YES;
				GCC_WARN_64_TO_32_BIT_CONVERSION = YES;
				GCC_WARN_ABOUT_RETURN_TYPE = YES_ERROR;
				GCC_WARN_UNDECLARED_SELECTOR = YES;
				GCC_WARN_UNINITIALIZED_AUTOS = YES_AGGRESSIVE;
				GCC_WARN_UNUSED_FUNCTION = YES;
				GCC_WARN_UNUSED_VARIABLE = YES;
				IPHONEOS_DEPLOYMENT_TARGET = 12.0;
				MTL_ENABLE_DEBUG_INFO = NO;
				MTL_FAST_MATH = YES;
				SDKROOT = iphoneos;
				SWIFT_COMPILATION_MODE = wholemodule;
				SWIFT_OPTIMIZATION_LEVEL = "-O";
				VALIDATE_PRODUCT = YES;
			};
			name = Release;
		};
		BFE2DAA823C14A1D009FE834 /* Debug */ = {
			isa = XCBuildConfiguration;
			baseConfigurationReference = A5B088670D77FBF3D2435C9F /* Pods-MovieProjectApp.debug.xcconfig */;
			buildSettings = {
				ASSETCATALOG_COMPILER_APPICON_NAME = AppIcon;
				CODE_SIGN_STYLE = Automatic;
				INFOPLIST_FILE = MovieProjectApp/Info.plist;
				LD_RUNPATH_SEARCH_PATHS = (
					"$(inherited)",
					"@executable_path/Frameworks",
				);
				PRODUCT_BUNDLE_IDENTIFIER = iti.MovieProjectApp;
				PRODUCT_NAME = "$(TARGET_NAME)";
				SWIFT_VERSION = 4.2;
				TARGETED_DEVICE_FAMILY = "1,2";
			};
			name = Debug;
		};
		BFE2DAA923C14A1D009FE834 /* Release */ = {
			isa = XCBuildConfiguration;
			baseConfigurationReference = BA605FFB3243AF36C57D5C0C /* Pods-MovieProjectApp.release.xcconfig */;
			buildSettings = {
				ASSETCATALOG_COMPILER_APPICON_NAME = AppIcon;
				CODE_SIGN_STYLE = Automatic;
				INFOPLIST_FILE = MovieProjectApp/Info.plist;
				LD_RUNPATH_SEARCH_PATHS = (
					"$(inherited)",
					"@executable_path/Frameworks",
				);
				PRODUCT_BUNDLE_IDENTIFIER = iti.MovieProjectApp;
				PRODUCT_NAME = "$(TARGET_NAME)";
				SWIFT_VERSION = 4.2;
				TARGETED_DEVICE_FAMILY = "1,2";
			};
			name = Release;
		};
/* End XCBuildConfiguration section */

/* Begin XCConfigurationList section */
		BFE2DA9023C14A19009FE834 /* Build configuration list for PBXProject "MovieProjectApp" */ = {
			isa = XCConfigurationList;
			buildConfigurations = (
				BFE2DAA523C14A1D009FE834 /* Debug */,
				BFE2DAA623C14A1D009FE834 /* Release */,
			);
			defaultConfigurationIsVisible = 0;
			defaultConfigurationName = Release;
		};
		BFE2DAA723C14A1D009FE834 /* Build configuration list for PBXNativeTarget "MovieProjectApp" */ = {
			isa = XCConfigurationList;
			buildConfigurations = (
				BFE2DAA823C14A1D009FE834 /* Debug */,
				BFE2DAA923C14A1D009FE834 /* Release */,
			);
			defaultConfigurationIsVisible = 0;
			defaultConfigurationName = Release;
		};
/* End XCConfigurationList section */
	};
	rootObject = BFE2DA8D23C14A19009FE834 /* Project object */;
}
